
Microsoft Visual Studio Solution File, Format Version 12.00
# Visual Studio Version 17
VisualStudioVersion = 17.13.35828.75 d17.13
MinimumVisualStudioVersion = 10.0.40219.1
Project("{FAE04EC0-301F-11D3-BF4B-00C04F79EFBC}") = "Money1", "Money1\Money1.csproj", "{74E5D0FE-1F8C-4D5D-A439-EF37CC809D85}"
EndProject
Global
	GlobalSection(SolutionConfigurationPlatforms) = preSolution
		Debug|Any CPU = Debug|Any CPU
		Release|Any CPU = Release|Any CPU
	EndGlobalSection
	GlobalSection(ProjectConfigurationPlatforms) = postSolution
		{74E5D0FE-1F8C-4D5D-A439-EF37CC809D85}.Debug|Any CPU.ActiveCfg = Debug|Any CPU
		{74E5D0FE-1F8C-4D5D-A439-EF37CC809D85}.Debug|Any CPU.Build.0 = Debug|Any CPU
		{74E5D0FE-1F8C-4D5D-A439-EF37CC809D85}.Release|Any CPU.ActiveCfg = Release|Any CPU
		{74E5D0FE-1F8C-4D5D-A439-EF37CC809D85}.Release|Any CPU.Build.0 = Release|Any CPU
	EndGlobalSection
	GlobalSection(SolutionProperties) = preSolution
		HideSolutionNode = FALSE
	EndGlobalSection
	GlobalSection(ExtensibilityGlobals) = postSolution
		SolutionGuid = {82151729-DD10-4888-9991-1E6341216614}
	EndGlobalSection
EndGlobal
